
Microsoft Visual Studio Solution File, Format Version 12.00
# Visual Studio Version 17
VisualStudioVersion = 17.8.34525.116
MinimumVisualStudioVersion = 10.0.40219.1
Project("{FAE04EC0-301F-11D3-BF4B-00C04F79EFBC}") = "University_Management_System", "University_Management_System.csproj", "{8CCCC0DE-05AC-4019-93C7-47FA51FB34FE}"
EndProject
Global
	GlobalSection(SolutionConfigurationPlatforms) = preSolution
		Debug|Any CPU = Debug|Any CPU
		Release|Any CPU = Release|Any CPU
	EndGlobalSection
	GlobalSection(ProjectConfigurationPlatforms) = postSolution
		{8CCCC0DE-05AC-4019-93C7-47FA51FB34FE}.Debug|Any CPU.ActiveCfg = Debug|Any CPU
		{8CCCC0DE-05AC-4019-93C7-47FA51FB34FE}.Debug|Any CPU.Build.0 = Debug|Any CPU
		{8CCCC0DE-05AC-4019-93C7-47FA51FB34FE}.Release|Any CPU.ActiveCfg = Release|Any CPU
		{8CCCC0DE-05AC-4019-93C7-47FA51FB34FE}.Release|Any CPU.Build.0 = Release|Any CPU
	EndGlobalSection
	GlobalSection(SolutionProperties) = preSolution
		HideSolutionNode = FALSE
	EndGlobalSection
	GlobalSection(ExtensibilityGlobals) = postSolution
		SolutionGuid = {DAC0450E-E42E-4728-A2E3-08A806B4D505}
	EndGlobalSection
EndGlobal
